
Microsoft Visual Studio Solution File, Format Version 12.00
# Visual Studio Version 17
VisualStudioVersion = 17.4.33205.214
MinimumVisualStudioVersion = 10.0.40219.1
Project("{9A19103F-16F7-4668-BE54-9A1E7A4F7556}") = "Presentation", "questions\Presentation.csproj", "{9C7478D7-B018-4047-80DE-054C34D3491A}"
EndProject
Project("{9A19103F-16F7-4668-BE54-9A1E7A4F7556}") = "Domain", "Domain\Domain.csproj", "{161D90A4-0DC7-4D39-96B4-CE255C4CEEE4}"
EndProject
Project("{9A19103F-16F7-4668-BE54-9A1E7A4F7556}") = "Infrastructure", "Infrastructure\Infrastructure.csproj", "{202CB24D-9F5C-4496-A3F2-7781D56F7781}"
EndProject
Project("{9A19103F-16F7-4668-BE54-9A1E7A4F7556}") = "BusinessLogic", "BusinessLogic\BusinessLogic.csproj", "{7A5232DE-644C-4783-AB1E-DC0C635668F4}"
EndProject
Global
	GlobalSection(SolutionConfigurationPlatforms) = preSolution
		Debug|Any CPU = Debug|Any CPU
		Release|Any CPU = Release|Any CPU
	EndGlobalSection
	GlobalSection(ProjectConfigurationPlatforms) = postSolution
		{9C7478D7-B018-4047-80DE-054C34D3491A}.Debug|Any CPU.ActiveCfg = Debug|Any CPU
		{9C7478D7-B018-4047-80DE-054C34D3491A}.Debug|Any CPU.Build.0 = Debug|Any CPU
		{9C7478D7-B018-4047-80DE-054C34D3491A}.Release|Any CPU.ActiveCfg = Release|Any CPU
		{9C7478D7-B018-4047-80DE-054C34D3491A}.Release|Any CPU.Build.0 = Release|Any CPU
		{161D90A4-0DC7-4D39-96B4-CE255C4CEEE4}.Debug|Any CPU.ActiveCfg = Debug|Any CPU
		{161D90A4-0DC7-4D39-96B4-CE255C4CEEE4}.Debug|Any CPU.Build.0 = Debug|Any CPU
		{161D90A4-0DC7-4D39-96B4-CE255C4CEEE4}.Release|Any CPU.ActiveCfg = Release|Any CPU
		{161D90A4-0DC7-4D39-96B4-CE255C4CEEE4}.Release|Any CPU.Build.0 = Release|Any CPU
		{202CB24D-9F5C-4496-A3F2-7781D56F7781}.Debug|Any CPU.ActiveCfg = Debug|Any CPU
		{202CB24D-9F5C-4496-A3F2-7781D56F7781}.Debug|Any CPU.Build.0 = Debug|Any CPU
		{202CB24D-9F5C-4496-A3F2-7781D56F7781}.Release|Any CPU.ActiveCfg = Release|Any CPU
		{202CB24D-9F5C-4496-A3F2-7781D56F7781}.Release|Any CPU.Build.0 = Release|Any CPU
		{7A5232DE-644C-4783-AB1E-DC0C635668F4}.Debug|Any CPU.ActiveCfg = Debug|Any CPU
		{7A5232DE-644C-4783-AB1E-DC0C635668F4}.Debug|Any CPU.Build.0 = Debug|Any CPU
		{7A5232DE-644C-4783-AB1E-DC0C635668F4}.Release|Any CPU.ActiveCfg = Release|Any CPU
		{7A5232DE-644C-4783-AB1E-DC0C635668F4}.Release|Any CPU.Build.0 = Release|Any CPU
	EndGlobalSection
	GlobalSection(SolutionProperties) = preSolution
		HideSolutionNode = FALSE
	EndGlobalSection
	GlobalSection(ExtensibilityGlobals) = postSolution
		SolutionGuid = {EA1AE893-11AA-450D-A17F-3DD69CD6ED16}
	EndGlobalSection
EndGlobal
